
Microsoft Visual Studio Solution File, Format Version 12.00
# Visual Studio Version 16
VisualStudioVersion = 16.0.33529.622
MinimumVisualStudioVersion = 10.0.40219.1
Project("{FAE04EC0-301F-11D3-BF4B-00C04F79EFBC}") = "ProjetoCv", "ProjetoCv.csproj", "{079E2618-3D34-429E-B23F-C405C04A5813}"
EndProject
Global
	GlobalSection(SolutionConfigurationPlatforms) = preSolution
		Debug|Any CPU = Debug|Any CPU
		Release|Any CPU = Release|Any CPU
	EndGlobalSection
	GlobalSection(ProjectConfigurationPlatforms) = postSolution
		{079E2618-3D34-429E-B23F-C405C04A5813}.Debug|Any CPU.ActiveCfg = Debug|Any CPU
		{079E2618-3D34-429E-B23F-C405C04A5813}.Debug|Any CPU.Build.0 = Debug|Any CPU
		{079E2618-3D34-429E-B23F-C405C04A5813}.Release|Any CPU.ActiveCfg = Release|Any CPU
		{079E2618-3D34-429E-B23F-C405C04A5813}.Release|Any CPU.Build.0 = Release|Any CPU
	EndGlobalSection
	GlobalSection(SolutionProperties) = preSolution
		HideSolutionNode = FALSE
	EndGlobalSection
	GlobalSection(ExtensibilityGlobals) = postSolution
		SolutionGuid = {4DCC73B7-1102-423F-84C2-426452C453B5}
	EndGlobalSection
EndGlobal
